
Microsoft Visual Studio Solution File, Format Version 12.00
# Visual Studio Version 17
VisualStudioVersion = 17.8.34511.84
MinimumVisualStudioVersion = 10.0.40219.1
Project("{9A19103F-16F7-4668-BE54-9A1E7A4F7556}") = "Crm", "Crm.csproj", "{FE6DE377-74EF-4187-B922-EABF690DFE7B}"
EndProject
Global
	GlobalSection(SolutionConfigurationPlatforms) = preSolution
		Debug|Any CPU = Debug|Any CPU
		Release|Any CPU = Release|Any CPU
	EndGlobalSection
	GlobalSection(ProjectConfigurationPlatforms) = postSolution
		{FE6DE377-74EF-4187-B922-EABF690DFE7B}.Debug|Any CPU.ActiveCfg = Debug|Any CPU
		{FE6DE377-74EF-4187-B922-EABF690DFE7B}.Debug|Any CPU.Build.0 = Debug|Any CPU
		{FE6DE377-74EF-4187-B922-EABF690DFE7B}.Release|Any CPU.ActiveCfg = Release|Any CPU
		{FE6DE377-74EF-4187-B922-EABF690DFE7B}.Release|Any CPU.Build.0 = Release|Any CPU
	EndGlobalSection
	GlobalSection(SolutionProperties) = preSolution
		HideSolutionNode = FALSE
	EndGlobalSection
	GlobalSection(ExtensibilityGlobals) = postSolution
		SolutionGuid = {A2F00A14-889E-402D-BA13-EE300668AF33}
	EndGlobalSection
EndGlobal
